
Microsoft Visual Studio Solution File, Format Version 12.00
# Visual Studio Version 17
VisualStudioVersion = 17.11.35219.272
MinimumVisualStudioVersion = 10.0.40219.1
Project("{9A19103F-16F7-4668-BE54-9A1E7A4F7556}") = "EcomPresentation", "EcomPresentation\EcomPresentation.csproj", "{AB778572-560B-412E-982E-FF530BB1B382}"
EndProject
Project("{2150E333-8FDC-42A3-9474-1A3956D46DE8}") = "Presentation", "Presentation", "{B318793D-C5AD-4278-A750-2A8BBC896AA2}"
EndProject
Project("{9A19103F-16F7-4668-BE54-9A1E7A4F7556}") = "EcomInfrastructure", "EcomInfrastructure\EcomInfrastructure.csproj", "{64E531BA-704F-473E-B485-5CF5EDC5777E}"
EndProject
Project("{2150E333-8FDC-42A3-9474-1A3956D46DE8}") = "Infrastructure", "Infrastructure", "{11A59E37-8C3E-4B96-A39E-7B3E29E740EA}"
EndProject
Project("{9A19103F-16F7-4668-BE54-9A1E7A4F7556}") = "EcomApplication", "EcomApplication\EcomApplication.csproj", "{EC43FFF8-094A-4137-A1E8-4C594E52803C}"
EndProject
Project("{2150E333-8FDC-42A3-9474-1A3956D46DE8}") = "Application", "Application", "{B17BBF15-6138-42EB-A57F-A5E27614DB20}"
EndProject
Project("{2150E333-8FDC-42A3-9474-1A3956D46DE8}") = "Domain", "Domain", "{D37E0E67-B7BE-41DF-9BCA-01D16EC9157A}"
EndProject
Project("{9A19103F-16F7-4668-BE54-9A1E7A4F7556}") = "EcomDomain", "EcomDomain\EcomDomain.csproj", "{F595E8CB-298D-4A1C-82F6-25B045FCD1E2}"
EndProject
Project("{2150E333-8FDC-42A3-9474-1A3956D46DE8}") = "Shared", "Shared", "{BEE048A0-A90A-44B7-91BD-B0239AFAB7E6}"
EndProject
Project("{FAE04EC0-301F-11D3-BF4B-00C04F79EFBC}") = "Commons", "Commons\Commons.csproj", "{943BBAE1-D47B-44B4-8D6A-9D634F149000}"
EndProject
Global
	GlobalSection(SolutionConfigurationPlatforms) = preSolution
		Debug|Any CPU = Debug|Any CPU
		Release|Any CPU = Release|Any CPU
	EndGlobalSection
	GlobalSection(ProjectConfigurationPlatforms) = postSolution
		{AB778572-560B-412E-982E-FF530BB1B382}.Debug|Any CPU.ActiveCfg = Debug|Any CPU
		{AB778572-560B-412E-982E-FF530BB1B382}.Debug|Any CPU.Build.0 = Debug|Any CPU
		{AB778572-560B-412E-982E-FF530BB1B382}.Release|Any CPU.ActiveCfg = Release|Any CPU
		{AB778572-560B-412E-982E-FF530BB1B382}.Release|Any CPU.Build.0 = Release|Any CPU
		{64E531BA-704F-473E-B485-5CF5EDC5777E}.Debug|Any CPU.ActiveCfg = Debug|Any CPU
		{64E531BA-704F-473E-B485-5CF5EDC5777E}.Debug|Any CPU.Build.0 = Debug|Any CPU
		{64E531BA-704F-473E-B485-5CF5EDC5777E}.Release|Any CPU.ActiveCfg = Release|Any CPU
		{64E531BA-704F-473E-B485-5CF5EDC5777E}.Release|Any CPU.Build.0 = Release|Any CPU
		{EC43FFF8-094A-4137-A1E8-4C594E52803C}.Debug|Any CPU.ActiveCfg = Debug|Any CPU
		{EC43FFF8-094A-4137-A1E8-4C594E52803C}.Debug|Any CPU.Build.0 = Debug|Any CPU
		{EC43FFF8-094A-4137-A1E8-4C594E52803C}.Release|Any CPU.ActiveCfg = Release|Any CPU
		{EC43FFF8-094A-4137-A1E8-4C594E52803C}.Release|Any CPU.Build.0 = Release|Any CPU
		{F595E8CB-298D-4A1C-82F6-25B045FCD1E2}.Debug|Any CPU.ActiveCfg = Debug|Any CPU
		{F595E8CB-298D-4A1C-82F6-25B045FCD1E2}.Debug|Any CPU.Build.0 = Debug|Any CPU
		{F595E8CB-298D-4A1C-82F6-25B045FCD1E2}.Release|Any CPU.ActiveCfg = Release|Any CPU
		{F595E8CB-298D-4A1C-82F6-25B045FCD1E2}.Release|Any CPU.Build.0 = Release|Any CPU
		{943BBAE1-D47B-44B4-8D6A-9D634F149000}.Debug|Any CPU.ActiveCfg = Debug|Any CPU
		{943BBAE1-D47B-44B4-8D6A-9D634F149000}.Debug|Any CPU.Build.0 = Debug|Any CPU
		{943BBAE1-D47B-44B4-8D6A-9D634F149000}.Release|Any CPU.ActiveCfg = Release|Any CPU
		{943BBAE1-D47B-44B4-8D6A-9D634F149000}.Release|Any CPU.Build.0 = Release|Any CPU
	EndGlobalSection
	GlobalSection(SolutionProperties) = preSolution
		HideSolutionNode = FALSE
	EndGlobalSection
	GlobalSection(NestedProjects) = preSolution
		{AB778572-560B-412E-982E-FF530BB1B382} = {B318793D-C5AD-4278-A750-2A8BBC896AA2}
		{64E531BA-704F-473E-B485-5CF5EDC5777E} = {11A59E37-8C3E-4B96-A39E-7B3E29E740EA}
		{EC43FFF8-094A-4137-A1E8-4C594E52803C} = {B17BBF15-6138-42EB-A57F-A5E27614DB20}
		{F595E8CB-298D-4A1C-82F6-25B045FCD1E2} = {D37E0E67-B7BE-41DF-9BCA-01D16EC9157A}
		{943BBAE1-D47B-44B4-8D6A-9D634F149000} = {BEE048A0-A90A-44B7-91BD-B0239AFAB7E6}
	EndGlobalSection
	GlobalSection(ExtensibilityGlobals) = postSolution
		SolutionGuid = {25E1CAF8-D0E0-45A8-BCE3-F03CF168BC47}
	EndGlobalSection
EndGlobal
